// !$*UTF8*$!
{
	archiveVersion = 1;
	classes = {
	};
	objectVersion = 56;
	objects = {

/* Begin PBXBuildFile section */
		4D7577B12B6C1D8800CBF174 /* DescriptionView.swift in Sources */ = {isa = PBXBuildFile; fileRef = 4D7577B02B6C1D8800CBF174 /* DescriptionView.swift */; };
		4D7577B32B6C1DF200CBF174 /* CountryOfManufactureView.swift in Sources */ = {isa = PBXBuildFile; fileRef = 4D7577B22B6C1DF200CBF174 /* CountryOfManufactureView.swift */; };
		4D7577B52B6C24E400CBF174 /* ReviewsView.swift in Sources */ = {isa = PBXBuildFile; fileRef = 4D7577B42B6C24E400CBF174 /* ReviewsView.swift */; };
		4D7577B72B6C2D3300CBF174 /* ReviewsViewModel.swift in Sources */ = {isa = PBXBuildFile; fileRef = 4D7577B62B6C2D3300CBF174 /* ReviewsViewModel.swift */; };
		4D7577BB2B6C33C200CBF174 /* CardFooterView.swift in Sources */ = {isa = PBXBuildFile; fileRef = 4D7577BA2B6C33C200CBF174 /* CardFooterView.swift */; };
		4D7577BD2B6C33E200CBF174 /* CardFooterViewModel.swift in Sources */ = {isa = PBXBuildFile; fileRef = 4D7577BC2B6C33E200CBF174 /* CardFooterViewModel.swift */; };
		4D7577C02B6ECF7E00CBF174 /* TotalPriceStepperView.swift in Sources */ = {isa = PBXBuildFile; fileRef = 4D7577BF2B6ECF7E00CBF174 /* TotalPriceStepperView.swift */; };
		4D7577C22B6ECFB800CBF174 /* PricePerView.swift in Sources */ = {isa = PBXBuildFile; fileRef = 4D7577C12B6ECFB800CBF174 /* PricePerView.swift */; };
		4DC80EDE2B6AC82E0023933B /* ProductCardApp.swift in Sources */ = {isa = PBXBuildFile; fileRef = 4DC80EDD2B6AC82E0023933B /* ProductCardApp.swift */; };
		4DC80EE22B6AC8460023933B /* Assets.xcassets in Resources */ = {isa = PBXBuildFile; fileRef = 4DC80EE12B6AC8460023933B /* Assets.xcassets */; };
		4DC80EE52B6AC8460023933B /* Preview Assets.xcassets in Resources */ = {isa = PBXBuildFile; fileRef = 4DC80EE42B6AC8460023933B /* Preview Assets.xcassets */; };
		4DC80EEC2B6AC86A0023933B /* ProductCardView.swift in Sources */ = {isa = PBXBuildFile; fileRef = 4DC80EEB2B6AC86A0023933B /* ProductCardView.swift */; };
		4DC80EEE2B6AC9100023933B /* ProductCardViewModel.swift in Sources */ = {isa = PBXBuildFile; fileRef = 4DC80EED2B6AC9100023933B /* ProductCardViewModel.swift */; };
		4DC80EF72B6AC9A10023933B /* Product.swift in Sources */ = {isa = PBXBuildFile; fileRef = 4DC80EF62B6AC9A10023933B /* Product.swift */; };
		4DC80EF92B6AC9B20023933B /* DataManager.swift in Sources */ = {isa = PBXBuildFile; fileRef = 4DC80EF82B6AC9B20023933B /* DataManager.swift */; };
		4DC80EFB2B6ADCB20023933B /* NetworkManager.swift in Sources */ = {isa = PBXBuildFile; fileRef = 4DC80EFA2B6ADCB20023933B /* NetworkManager.swift */; };
		4DC80EFD2B6AF2760023933B /* ProductImageView.swift in Sources */ = {isa = PBXBuildFile; fileRef = 4DC80EFC2B6AF2760023933B /* ProductImageView.swift */; };
		4DC80EFF2B6AF2E00023933B /* PromotionTileView.swift in Sources */ = {isa = PBXBuildFile; fileRef = 4DC80EFE2B6AF2E00023933B /* PromotionTileView.swift */; };
		4DC80F012B6AF3440023933B /* TrailingNavigationBarItemsView.swift in Sources */ = {isa = PBXBuildFile; fileRef = 4DC80F002B6AF3440023933B /* TrailingNavigationBarItemsView.swift */; };
		4DC80F032B6AFDA80023933B /* MarksAndDiscountView.swift in Sources */ = {isa = PBXBuildFile; fileRef = 4DC80F022B6AFDA80023933B /* MarksAndDiscountView.swift */; };
		4DC80F052B6C134D0023933B /* CharacteristicsView.swift in Sources */ = {isa = PBXBuildFile; fileRef = 4DC80F042B6C134D0023933B /* CharacteristicsView.swift */; };
		4DC80F072B6C135B0023933B /* CharacteristicsViewModel.swift in Sources */ = {isa = PBXBuildFile; fileRef = 4DC80F062B6C135B0023933B /* CharacteristicsViewModel.swift */; };
/* End PBXBuildFile section */

/* Begin PBXFileReference section */
		4D7577B02B6C1D8800CBF174 /* DescriptionView.swift */ = {isa = PBXFileReference; lastKnownFileType = sourcecode.swift; path = DescriptionView.swift; sourceTree = "<group>"; };
		4D7577B22B6C1DF200CBF174 /* CountryOfManufactureView.swift */ = {isa = PBXFileReference; lastKnownFileType = sourcecode.swift; path = CountryOfManufactureView.swift; sourceTree = "<group>"; };
		4D7577B42B6C24E400CBF174 /* ReviewsView.swift */ = {isa = PBXFileReference; lastKnownFileType = sourcecode.swift; path = ReviewsView.swift; sourceTree = "<group>"; };
		4D7577B62B6C2D3300CBF174 /* ReviewsViewModel.swift */ = {isa = PBXFileReference; lastKnownFileType = sourcecode.swift; path = ReviewsViewModel.swift; sourceTree = "<group>"; };
		4D7577BA2B6C33C200CBF174 /* CardFooterView.swift */ = {isa = PBXFileReference; lastKnownFileType = sourcecode.swift; path = CardFooterView.swift; sourceTree = "<group>"; };
		4D7577BC2B6C33E200CBF174 /* CardFooterViewModel.swift */ = {isa = PBXFileReference; lastKnownFileType = sourcecode.swift; path = CardFooterViewModel.swift; sourceTree = "<group>"; };
		4D7577BF2B6ECF7E00CBF174 /* TotalPriceStepperView.swift */ = {isa = PBXFileReference; lastKnownFileType = sourcecode.swift; path = TotalPriceStepperView.swift; sourceTree = "<group>"; };
		4D7577C12B6ECFB800CBF174 /* PricePerView.swift */ = {isa = PBXFileReference; lastKnownFileType = sourcecode.swift; path = PricePerView.swift; sourceTree = "<group>"; };
		4DC80EDA2B6AC82E0023933B /* ProductCard.app */ = {isa = PBXFileReference; explicitFileType = wrapper.application; includeInIndex = 0; path = ProductCard.app; sourceTree = BUILT_PRODUCTS_DIR; };
		4DC80EDD2B6AC82E0023933B /* ProductCardApp.swift */ = {isa = PBXFileReference; lastKnownFileType = sourcecode.swift; path = ProductCardApp.swift; sourceTree = "<group>"; };
		4DC80EE12B6AC8460023933B /* Assets.xcassets */ = {isa = PBXFileReference; lastKnownFileType = folder.assetcatalog; path = Assets.xcassets; sourceTree = "<group>"; };
		4DC80EE42B6AC8460023933B /* Preview Assets.xcassets */ = {isa = PBXFileReference; lastKnownFileType = folder.assetcatalog; path = "Preview Assets.xcassets"; sourceTree = "<group>"; };
		4DC80EEB2B6AC86A0023933B /* ProductCardView.swift */ = {isa = PBXFileReference; lastKnownFileType = sourcecode.swift; path = ProductCardView.swift; sourceTree = "<group>"; };
		4DC80EED2B6AC9100023933B /* ProductCardViewModel.swift */ = {isa = PBXFileReference; lastKnownFileType = sourcecode.swift; path = ProductCardViewModel.swift; sourceTree = "<group>"; };
		4DC80EF62B6AC9A10023933B /* Product.swift */ = {isa = PBXFileReference; lastKnownFileType = sourcecode.swift; path = Product.swift; sourceTree = "<group>"; };
		4DC80EF82B6AC9B20023933B /* DataManager.swift */ = {isa = PBXFileReference; lastKnownFileType = sourcecode.swift; path = DataManager.swift; sourceTree = "<group>"; };
		4DC80EFA2B6ADCB20023933B /* NetworkManager.swift */ = {isa = PBXFileReference; lastKnownFileType = sourcecode.swift; path = NetworkManager.swift; sourceTree = "<group>"; };
		4DC80EFC2B6AF2760023933B /* ProductImageView.swift */ = {isa = PBXFileReference; lastKnownFileType = sourcecode.swift; path = ProductImageView.swift; sourceTree = "<group>"; };
		4DC80EFE2B6AF2E00023933B /* PromotionTileView.swift */ = {isa = PBXFileReference; lastKnownFileType = sourcecode.swift; path = PromotionTileView.swift; sourceTree = "<group>"; };
		4DC80F002B6AF3440023933B /* TrailingNavigationBarItemsView.swift */ = {isa = PBXFileReference; lastKnownFileType = sourcecode.swift; path = TrailingNavigationBarItemsView.swift; sourceTree = "<group>"; };
		4DC80F022B6AFDA80023933B /* MarksAndDiscountView.swift */ = {isa = PBXFileReference; lastKnownFileType = sourcecode.swift; path = MarksAndDiscountView.swift; sourceTree = "<group>"; };
		4DC80F042B6C134D0023933B /* CharacteristicsView.swift */ = {isa = PBXFileReference; lastKnownFileType = sourcecode.swift; path = CharacteristicsView.swift; sourceTree = "<group>"; };
		4DC80F062B6C135B0023933B /* CharacteristicsViewModel.swift */ = {isa = PBXFileReference; lastKnownFileType = sourcecode.swift; path = CharacteristicsViewModel.swift; sourceTree = "<group>"; };
/* End PBXFileReference section */

/* Begin PBXFrameworksBuildPhase section */
		4DC80ED72B6AC82E0023933B /* Frameworks */ = {
			isa = PBXFrameworksBuildPhase;
			buildActionMask = 2147483647;
			files = (
			);
			runOnlyForDeploymentPostprocessing = 0;
		};
/* End PBXFrameworksBuildPhase section */

/* Begin PBXGroup section */
		4D7577B82B6C318100CBF174 /* ReviewsView */ = {
			isa = PBXGroup;
			children = (
				4D7577B42B6C24E400CBF174 /* ReviewsView.swift */,
				4D7577B62B6C2D3300CBF174 /* ReviewsViewModel.swift */,
			);
			path = ReviewsView;
			sourceTree = "<group>";
		};
		4D7577B92B6C33A400CBF174 /* CardFooterView */ = {
			isa = PBXGroup;
			children = (
				4D7577BA2B6C33C200CBF174 /* CardFooterView.swift */,
				4D7577BC2B6C33E200CBF174 /* CardFooterViewModel.swift */,
				4D7577BF2B6ECF7E00CBF174 /* TotalPriceStepperView.swift */,
				4D7577C12B6ECFB800CBF174 /* PricePerView.swift */,
			);
			path = CardFooterView;
			sourceTree = "<group>";
		};
		4D7577BE2B6D6FE700CBF174 /* UI */ = {
			isa = PBXGroup;
			children = (
				4DC80F002B6AF3440023933B /* TrailingNavigationBarItemsView.swift */,
				4DC80EFE2B6AF2E00023933B /* PromotionTileView.swift */,
				4D7577B82B6C318100CBF174 /* ReviewsView */,
			);
			path = UI;
			sourceTree = "<group>";
		};
		4DC80ED12B6AC82D0023933B = {
			isa = PBXGroup;
			children = (
				4DC80EDC2B6AC82E0023933B /* ProductCard */,
				4DC80EDB2B6AC82E0023933B /* Products */,
			);
			sourceTree = "<group>";
		};
		4DC80EDB2B6AC82E0023933B /* Products */ = {
			isa = PBXGroup;
			children = (
				4DC80EDA2B6AC82E0023933B /* ProductCard.app */,
			);
			name = Products;
			sourceTree = "<group>";
		};
		4DC80EDC2B6AC82E0023933B /* ProductCard */ = {
			isa = PBXGroup;
			children = (
				4DC80EDD2B6AC82E0023933B /* ProductCardApp.swift */,
				4DC80EEF2B6AC91A0023933B /* ProductCardView */,
				4DC80F082B6C13810023933B /* CharacteristicsView */,
				4D7577B92B6C33A400CBF174 /* CardFooterView */,
				4D7577BE2B6D6FE700CBF174 /* UI */,
				4DC80EF02B6AC9450023933B /* Models */,
				4DC80EF12B6AC9530023933B /* Services */,
				4DC80EE12B6AC8460023933B /* Assets.xcassets */,
				4DC80EE32B6AC8460023933B /* Preview Content */,
			);
			path = ProductCard;
			sourceTree = "<group>";
		};
		4DC80EE32B6AC8460023933B /* Preview Content */ = {
			isa = PBXGroup;
			children = (
				4DC80EE42B6AC8460023933B /* Preview Assets.xcassets */,
			);
			path = "Preview Content";
			sourceTree = "<group>";
		};
		4DC80EEF2B6AC91A0023933B /* ProductCardView */ = {
			isa = PBXGroup;
			children = (
				4DC80EEB2B6AC86A0023933B /* ProductCardView.swift */,
				4DC80EED2B6AC9100023933B /* ProductCardViewModel.swift */,
				4DC80EFC2B6AF2760023933B /* ProductImageView.swift */,
				4DC80F022B6AFDA80023933B /* MarksAndDiscountView.swift */,
				4D7577B22B6C1DF200CBF174 /* CountryOfManufactureView.swift */,
				4D7577B02B6C1D8800CBF174 /* DescriptionView.swift */,
			);
			path = ProductCardView;
			sourceTree = "<group>";
		};
		4DC80EF02B6AC9450023933B /* Models */ = {
			isa = PBXGroup;
			children = (
				4DC80EF62B6AC9A10023933B /* Product.swift */,
			);
			path = Models;
			sourceTree = "<group>";
		};
		4DC80EF12B6AC9530023933B /* Services */ = {
			isa = PBXGroup;
			children = (
				4DC80EF82B6AC9B20023933B /* DataManager.swift */,
				4DC80EFA2B6ADCB20023933B /* NetworkManager.swift */,
			);
			path = Services;
			sourceTree = "<group>";
		};
		4DC80F082B6C13810023933B /* CharacteristicsView */ = {
			isa = PBXGroup;
			children = (
				4DC80F042B6C134D0023933B /* CharacteristicsView.swift */,
				4DC80F062B6C135B0023933B /* CharacteristicsViewModel.swift */,
			);
			path = CharacteristicsView;
			sourceTree = "<group>";
		};
/* End PBXGroup section */

/* Begin PBXNativeTarget section */
		4DC80ED92B6AC82E0023933B /* ProductCard */ = {
			isa = PBXNativeTarget;
			buildConfigurationList = 4DC80EE82B6AC8460023933B /* Build configuration list for PBXNativeTarget "ProductCard" */;
			buildPhases = (
				4DC80ED62B6AC82E0023933B /* Sources */,
				4DC80ED72B6AC82E0023933B /* Frameworks */,
				4DC80ED82B6AC82E0023933B /* Resources */,
			);
			buildRules = (
			);
			dependencies = (
			);
			name = ProductCard;
			productName = ProductCard;
			productReference = 4DC80EDA2B6AC82E0023933B /* ProductCard.app */;
			productType = "com.apple.product-type.application";
		};
/* End PBXNativeTarget section */

/* Begin PBXProject section */
		4DC80ED22B6AC82D0023933B /* Project object */ = {
			isa = PBXProject;
			attributes = {
				BuildIndependentTargetsInParallel = 1;
				LastSwiftUpdateCheck = 1500;
				LastUpgradeCheck = 1500;
				TargetAttributes = {
					4DC80ED92B6AC82E0023933B = {
						CreatedOnToolsVersion = 15.0.1;
					};
				};
			};
			buildConfigurationList = 4DC80ED52B6AC82D0023933B /* Build configuration list for PBXProject "ProductCard" */;
			compatibilityVersion = "Xcode 14.0";
			developmentRegion = en;
			hasScannedForEncodings = 0;
			knownRegions = (
				en,
				Base,
			);
			mainGroup = 4DC80ED12B6AC82D0023933B;
			productRefGroup = 4DC80EDB2B6AC82E0023933B /* Products */;
			projectDirPath = "";
			projectRoot = "";
			targets = (
				4DC80ED92B6AC82E0023933B /* ProductCard */,
			);
		};
/* End PBXProject section */

/* Begin PBXResourcesBuildPhase section */
		4DC80ED82B6AC82E0023933B /* Resources */ = {
			isa = PBXResourcesBuildPhase;
			buildActionMask = 2147483647;
			files = (
				4DC80EE52B6AC8460023933B /* Preview Assets.xcassets in Resources */,
				4DC80EE22B6AC8460023933B /* Assets.xcassets in Resources */,
			);
			runOnlyForDeploymentPostprocessing = 0;
		};
/* End PBXResourcesBuildPhase section */

/* Begin PBXSourcesBuildPhase section */
		4DC80ED62B6AC82E0023933B /* Sources */ = {
			isa = PBXSourcesBuildPhase;
			buildActionMask = 2147483647;
			files = (
				4D7577B32B6C1DF200CBF174 /* CountryOfManufactureView.swift in Sources */,
				4DC80EFB2B6ADCB20023933B /* NetworkManager.swift in Sources */,
				4D7577B72B6C2D3300CBF174 /* ReviewsViewModel.swift in Sources */,
				4D7577BB2B6C33C200CBF174 /* CardFooterView.swift in Sources */,
				4DC80EEC2B6AC86A0023933B /* ProductCardView.swift in Sources */,
				4D7577B12B6C1D8800CBF174 /* DescriptionView.swift in Sources */,
				4DC80EFF2B6AF2E00023933B /* PromotionTileView.swift in Sources */,
				4D7577C02B6ECF7E00CBF174 /* TotalPriceStepperView.swift in Sources */,
				4D7577BD2B6C33E200CBF174 /* CardFooterViewModel.swift in Sources */,
				4DC80EFD2B6AF2760023933B /* ProductImageView.swift in Sources */,
				4DC80EF92B6AC9B20023933B /* DataManager.swift in Sources */,
				4DC80F072B6C135B0023933B /* CharacteristicsViewModel.swift in Sources */,
				4DC80EF72B6AC9A10023933B /* Product.swift in Sources */,
				4D7577B52B6C24E400CBF174 /* ReviewsView.swift in Sources */,
				4DC80F032B6AFDA80023933B /* MarksAndDiscountView.swift in Sources */,
				4DC80F052B6C134D0023933B /* CharacteristicsView.swift in Sources */,
				4DC80EDE2B6AC82E0023933B /* ProductCardApp.swift in Sources */,
				4DC80EEE2B6AC9100023933B /* ProductCardViewModel.swift in Sources */,
				4D7577C22B6ECFB800CBF174 /* PricePerView.swift in Sources */,
				4DC80F012B6AF3440023933B /* TrailingNavigationBarItemsView.swift in Sources */,
			);
			runOnlyForDeploymentPostprocessing = 0;
		};
/* End PBXSourcesBuildPhase section */

/* Begin XCBuildConfiguration section */
		4DC80EE62B6AC8460023933B /* Debug */ = {
			isa = XCBuildConfiguration;
			buildSettings = {
				ALWAYS_SEARCH_USER_PATHS = NO;
				ASSETCATALOG_COMPILER_GENERATE_SWIFT_ASSET_SYMBOL_EXTENSIONS = YES;
				CLANG_ANALYZER_NONNULL = YES;
				CLANG_ANALYZER_NUMBER_OBJECT_CONVERSION = YES_AGGRESSIVE;
				CLANG_CXX_LANGUAGE_STANDARD = "gnu++20";
				CLANG_ENABLE_MODULES = YES;
				CLANG_ENABLE_OBJC_ARC = YES;
				CLANG_ENABLE_OBJC_WEAK = YES;
				CLANG_WARN_BLOCK_CAPTURE_AUTORELEASING = YES;
				CLANG_WARN_BOOL_CONVERSION = YES;
				CLANG_WARN_COMMA = YES;
				CLANG_WARN_CONSTANT_CONVERSION = YES;
				CLANG_WARN_DEPRECATED_OBJC_IMPLEMENTATIONS = YES;
				CLANG_WARN_DIRECT_OBJC_ISA_USAGE = YES_ERROR;
				CLANG_WARN_DOCUMENTATION_COMMENTS = YES;
				CLANG_WARN_EMPTY_BODY = YES;
				CLANG_WARN_ENUM_CONVERSION = YES;
				CLANG_WARN_INFINITE_RECURSION = YES;
				CLANG_WARN_INT_CONVERSION = YES;
				CLANG_WARN_NON_LITERAL_NULL_CONVERSION = YES;
				CLANG_WARN_OBJC_IMPLICIT_RETAIN_SELF = YES;
				CLANG_WARN_OBJC_LITERAL_CONVERSION = YES;
				CLANG_WARN_OBJC_ROOT_CLASS = YES_ERROR;
				CLANG_WARN_QUOTED_INCLUDE_IN_FRAMEWORK_HEADER = YES;
				CLANG_WARN_RANGE_LOOP_ANALYSIS = YES;
				CLANG_WARN_STRICT_PROTOTYPES = YES;
				CLANG_WARN_SUSPICIOUS_MOVE = YES;
				CLANG_WARN_UNGUARDED_AVAILABILITY = YES_AGGRESSIVE;
				CLANG_WARN_UNREACHABLE_CODE = YES;
				CLANG_WARN__DUPLICATE_METHOD_MATCH = YES;
				COPY_PHASE_STRIP = NO;
				DEBUG_INFORMATION_FORMAT = dwarf;
				ENABLE_STRICT_OBJC_MSGSEND = YES;
				ENABLE_TESTABILITY = YES;
				ENABLE_USER_SCRIPT_SANDBOXING = YES;
				GCC_C_LANGUAGE_STANDARD = gnu17;
				GCC_DYNAMIC_NO_PIC = NO;
				GCC_NO_COMMON_BLOCKS = YES;
				GCC_OPTIMIZATION_LEVEL = 0;
				GCC_PREPROCESSOR_DEFINITIONS = (
					"DEBUG=1",
					"$(inherited)",
				);
				GCC_WARN_64_TO_32_BIT_CONVERSION = YES;
				GCC_WARN_ABOUT_RETURN_TYPE = YES_ERROR;
				GCC_WARN_UNDECLARED_SELECTOR = YES;
				GCC_WARN_UNINITIALIZED_AUTOS = YES_AGGRESSIVE;
				GCC_WARN_UNUSED_FUNCTION = YES;
				GCC_WARN_UNUSED_VARIABLE = YES;
				IPHONEOS_DEPLOYMENT_TARGET = 17.0;
				LOCALIZATION_PREFERS_STRING_CATALOGS = YES;
				MTL_ENABLE_DEBUG_INFO = INCLUDE_SOURCE;
				MTL_FAST_MATH = YES;
				ONLY_ACTIVE_ARCH = YES;
				SDKROOT = iphoneos;
				SWIFT_ACTIVE_COMPILATION_CONDITIONS = "DEBUG $(inherited)";
				SWIFT_OPTIMIZATION_LEVEL = "-Onone";
			};
			name = Debug;
		};
		4DC80EE72B6AC8460023933B /* Release */ = {
			isa = XCBuildConfiguration;
			buildSettings = {
				ALWAYS_SEARCH_USER_PATHS = NO;
				ASSETCATALOG_COMPILER_GENERATE_SWIFT_ASSET_SYMBOL_EXTENSIONS = YES;
				CLANG_ANALYZER_NONNULL = YES;
				CLANG_ANALYZER_NUMBER_OBJECT_CONVERSION = YES_AGGRESSIVE;
				CLANG_CXX_LANGUAGE_STANDARD = "gnu++20";
				CLANG_ENABLE_MODULES = YES;
				CLANG_ENABLE_OBJC_ARC = YES;
				CLANG_ENABLE_OBJC_WEAK = YES;
				CLANG_WARN_BLOCK_CAPTURE_AUTORELEASING = YES;
				CLANG_WARN_BOOL_CONVERSION = YES;
				CLANG_WARN_COMMA = YES;
				CLANG_WARN_CONSTANT_CONVERSION = YES;
				CLANG_WARN_DEPRECATED_OBJC_IMPLEMENTATIONS = YES;
				CLANG_WARN_DIRECT_OBJC_ISA_USAGE = YES_ERROR;
				CLANG_WARN_DOCUMENTATION_COMMENTS = YES;
				CLANG_WARN_EMPTY_BODY = YES;
				CLANG_WARN_ENUM_CONVERSION = YES;
				CLANG_WARN_INFINITE_RECURSION = YES;
				CLANG_WARN_INT_CONVERSION = YES;
				CLANG_WARN_NON_LITERAL_NULL_CONVERSION = YES;
				CLANG_WARN_OBJC_IMPLICIT_RETAIN_SELF = YES;
				CLANG_WARN_OBJC_LITERAL_CONVERSION = YES;
				CLANG_WARN_OBJC_ROOT_CLASS = YES_ERROR;
				CLANG_WARN_QUOTED_INCLUDE_IN_FRAMEWORK_HEADER = YES;
				CLANG_WARN_RANGE_LOOP_ANALYSIS = YES;
				CLANG_WARN_STRICT_PROTOTYPES = YES;
				CLANG_WARN_SUSPICIOUS_MOVE = YES;
				CLANG_WARN_UNGUARDED_AVAILABILITY = YES_AGGRESSIVE;
				CLANG_WARN_UNREACHABLE_CODE = YES;
				CLANG_WARN__DUPLICATE_METHOD_MATCH = YES;
				COPY_PHASE_STRIP = NO;
				DEBUG_INFORMATION_FORMAT = "dwarf-with-dsym";
				ENABLE_NS_ASSERTIONS = NO;
				ENABLE_STRICT_OBJC_MSGSEND = YES;
				ENABLE_USER_SCRIPT_SANDBOXING = YES;
				GCC_C_LANGUAGE_STANDARD = gnu17;
				GCC_NO_COMMON_BLOCKS = YES;
				GCC_WARN_64_TO_32_BIT_CONVERSION = YES;
				GCC_WARN_ABOUT_RETURN_TYPE = YES_ERROR;
				GCC_WARN_UNDECLARED_SELECTOR = YES;
				GCC_WARN_UNINITIALIZED_AUTOS = YES_AGGRESSIVE;
				GCC_WARN_UNUSED_FUNCTION = YES;
				GCC_WARN_UNUSED_VARIABLE = YES;
				IPHONEOS_DEPLOYMENT_TARGET = 17.0;
				LOCALIZATION_PREFERS_STRING_CATALOGS = YES;
				MTL_ENABLE_DEBUG_INFO = NO;
				MTL_FAST_MATH = YES;
				SDKROOT = iphoneos;
				SWIFT_COMPILATION_MODE = wholemodule;
				VALIDATE_PRODUCT = YES;
			};
			name = Release;
		};
		4DC80EE92B6AC8460023933B /* Debug */ = {
			isa = XCBuildConfiguration;
			buildSettings = {
				ASSETCATALOG_COMPILER_APPICON_NAME = AppIcon;
				ASSETCATALOG_COMPILER_GLOBAL_ACCENT_COLOR_NAME = AccentColor;
				CODE_SIGN_STYLE = Automatic;
				CURRENT_PROJECT_VERSION = 1;
				DEVELOPMENT_ASSET_PATHS = "\"ProductCard/Preview Content\"";
				DEVELOPMENT_TEAM = WT86C553FH;
				ENABLE_PREVIEWS = YES;
				GENERATE_INFOPLIST_FILE = YES;
				INFOPLIST_KEY_UIApplicationSceneManifest_Generation = YES;
				INFOPLIST_KEY_UIApplicationSupportsIndirectInputEvents = YES;
				INFOPLIST_KEY_UILaunchScreen_Generation = YES;
				INFOPLIST_KEY_UISupportedInterfaceOrientations_iPad = "UIInterfaceOrientationPortrait UIInterfaceOrientationPortraitUpsideDown UIInterfaceOrientationLandscapeLeft UIInterfaceOrientationLandscapeRight";
				INFOPLIST_KEY_UISupportedInterfaceOrientations_iPhone = "UIInterfaceOrientationPortrait UIInterfaceOrientationLandscapeLeft UIInterfaceOrientationLandscapeRight";
				IPHONEOS_DEPLOYMENT_TARGET = 14.0;
				LD_RUNPATH_SEARCH_PATHS = (
					"$(inherited)",
					"@executable_path/Frameworks",
				);
				MARKETING_VERSION = 1.0;
				PRODUCT_BUNDLE_IDENTIFIER = "Dmitrii-Melnikov.ProductCard";
				PRODUCT_NAME = "$(TARGET_NAME)";
				SUPPORTED_PLATFORMS = "iphoneos iphonesimulator";
				SUPPORTS_MACCATALYST = NO;
				SUPPORTS_MAC_DESIGNED_FOR_IPHONE_IPAD = NO;
				SWIFT_EMIT_LOC_STRINGS = YES;
				SWIFT_VERSION = 5.0;
				TARGETED_DEVICE_FAMILY = 1;
			};
			name = Debug;
		};
		4DC80EEA2B6AC8460023933B /* Release */ = {
			isa = XCBuildConfiguration;
			buildSettings = {
				ASSETCATALOG_COMPILER_APPICON_NAME = AppIcon;
				ASSETCATALOG_COMPILER_GLOBAL_ACCENT_COLOR_NAME = AccentColor;
				CODE_SIGN_STYLE = Automatic;
				CURRENT_PROJECT_VERSION = 1;
				DEVELOPMENT_ASSET_PATHS = "\"ProductCard/Preview Content\"";
				DEVELOPMENT_TEAM = WT86C553FH;
				ENABLE_PREVIEWS = YES;
				GENERATE_INFOPLIST_FILE = YES;
				INFOPLIST_KEY_UIApplicationSceneManifest_Generation = YES;
				INFOPLIST_KEY_UIApplicationSupportsIndirectInputEvents = YES;
				INFOPLIST_KEY_UILaunchScreen_Generation = YES;
				INFOPLIST_KEY_UISupportedInterfaceOrientations_iPad = "UIInterfaceOrientationPortrait UIInterfaceOrientationPortraitUpsideDown UIInterfaceOrientationLandscapeLeft UIInterfaceOrientationLandscapeRight";
				INFOPLIST_KEY_UISupportedInterfaceOrientations_iPhone = "UIInterfaceOrientationPortrait UIInterfaceOrientationLandscapeLeft UIInterfaceOrientationLandscapeRight";
				IPHONEOS_DEPLOYMENT_TARGET = 14.0;
				LD_RUNPATH_SEARCH_PATHS = (
					"$(inherited)",
					"@executable_path/Frameworks",
				);
				MARKETING_VERSION = 1.0;
				PRODUCT_BUNDLE_IDENTIFIER = "Dmitrii-Melnikov.ProductCard";
				PRODUCT_NAME = "$(TARGET_NAME)";
				SUPPORTED_PLATFORMS = "iphoneos iphonesimulator";
				SUPPORTS_MACCATALYST = NO;
				SUPPORTS_MAC_DESIGNED_FOR_IPHONE_IPAD = NO;
				SWIFT_EMIT_LOC_STRINGS = YES;
				SWIFT_VERSION = 5.0;
				TARGETED_DEVICE_FAMILY = 1;
			};
			name = Release;
		};
/* End XCBuildConfiguration section */

/* Begin XCConfigurationList section */
		4DC80ED52B6AC82D0023933B /* Build configuration list for PBXProject "ProductCard" */ = {
			isa = XCConfigurationList;
			buildConfigurations = (
				4DC80EE62B6AC8460023933B /* Debug */,
				4DC80EE72B6AC8460023933B /* Release */,
			);
			defaultConfigurationIsVisible = 0;
			defaultConfigurationName = Release;
		};
		4DC80EE82B6AC8460023933B /* Build configuration list for PBXNativeTarget "ProductCard" */ = {
			isa = XCConfigurationList;
			buildConfigurations = (
				4DC80EE92B6AC8460023933B /* Debug */,
				4DC80EEA2B6AC8460023933B /* Release */,
			);
			defaultConfigurationIsVisible = 0;
			defaultConfigurationName = Release;
		};
/* End XCConfigurationList section */
	};
	rootObject = 4DC80ED22B6AC82D0023933B /* Project object */;
}
